
Microsoft Visual Studio Solution File, Format Version 12.00
# Visual Studio Version 16
VisualStudioVersion = 16.0.29613.14
MinimumVisualStudioVersion = 10.0.40219.1
Project("{9A19103F-16F7-4668-BE54-9A1E7A4F7556}") = "Base", "src\Base\Base.csproj", "{2683A66E-3F60-4794-A34B-D79A66676407}"
EndProject
Project("{FAE04EC0-301F-11D3-BF4B-00C04F79EFBC}") = "Base.Tests", "tests\Base.Tests\Base.Tests.csproj", "{5148ACD4-D5A9-42DB-A2FA-3CB20C411E98}"
EndProject
Global
	GlobalSection(SolutionConfigurationPlatforms) = preSolution
		Debug|Any CPU = Debug|Any CPU
		Release|Any CPU = Release|Any CPU
	EndGlobalSection
	GlobalSection(ProjectConfigurationPlatforms) = postSolution
		{2683A66E-3F60-4794-A34B-D79A66676407}.Debug|Any CPU.ActiveCfg = Debug|Any CPU
		{2683A66E-3F60-4794-A34B-D79A66676407}.Debug|Any CPU.Build.0 = Debug|Any CPU
		{2683A66E-3F60-4794-A34B-D79A66676407}.Release|Any CPU.ActiveCfg = Release|Any CPU
		{2683A66E-3F60-4794-A34B-D79A66676407}.Release|Any CPU.Build.0 = Release|Any CPU
		{5148ACD4-D5A9-42DB-A2FA-3CB20C411E98}.Debug|Any CPU.ActiveCfg = Debug|Any CPU
		{5148ACD4-D5A9-42DB-A2FA-3CB20C411E98}.Debug|Any CPU.Build.0 = Debug|Any CPU
		{5148ACD4-D5A9-42DB-A2FA-3CB20C411E98}.Release|Any CPU.ActiveCfg = Release|Any CPU
		{5148ACD4-D5A9-42DB-A2FA-3CB20C411E98}.Release|Any CPU.Build.0 = Release|Any CPU
	EndGlobalSection
	GlobalSection(SolutionProperties) = preSolution
		HideSolutionNode = FALSE
	EndGlobalSection
	GlobalSection(ExtensibilityGlobals) = postSolution
		SolutionGuid = {C1681BF6-7447-45FF-AC57-EC2B3250B843}
	EndGlobalSection
EndGlobal
